
Microsoft Visual Studio Solution File, Format Version 12.00
# Visual Studio Version 17
VisualStudioVersion = 17.0.32014.148
MinimumVisualStudioVersion = 10.0.40219.1
Project("{8BC9CEB8-8B4A-11D0-8D11-00A0C91BC942}") = "Storm", "Storm\Storm.vcxproj", "{A8CF0243-8B75-4BA2-8C51-CEEE7ABCE0D2}"
EndProject
Project("{8BC9CEB8-8B4A-11D0-8D11-00A0C91BC942}") = "Sandbox", "Sandbox\Sandbox.vcxproj", "{FA1E978A-4113-4ED8-88ED-B65DC604BBDB}"
EndProject
Global
	GlobalSection(SolutionConfigurationPlatforms) = preSolution
		Debug|x64 = Debug|x64
		Release|x64 = Release|x64
	EndGlobalSection
	GlobalSection(ProjectConfigurationPlatforms) = postSolution
		{A8CF0243-8B75-4BA2-8C51-CEEE7ABCE0D2}.Debug|x64.ActiveCfg = Debug|x64
		{A8CF0243-8B75-4BA2-8C51-CEEE7ABCE0D2}.Debug|x64.Build.0 = Debug|x64
		{A8CF0243-8B75-4BA2-8C51-CEEE7ABCE0D2}.Release|x64.ActiveCfg = Release|x64
		{A8CF0243-8B75-4BA2-8C51-CEEE7ABCE0D2}.Release|x64.Build.0 = Release|x64
		{FA1E978A-4113-4ED8-88ED-B65DC604BBDB}.Debug|x64.ActiveCfg = Debug|x64
		{FA1E978A-4113-4ED8-88ED-B65DC604BBDB}.Debug|x64.Build.0 = Debug|x64
		{FA1E978A-4113-4ED8-88ED-B65DC604BBDB}.Release|x64.ActiveCfg = Release|x64
		{FA1E978A-4113-4ED8-88ED-B65DC604BBDB}.Release|x64.Build.0 = Release|x64
	EndGlobalSection
	GlobalSection(SolutionProperties) = preSolution
		HideSolutionNode = FALSE
	EndGlobalSection
	GlobalSection(ExtensibilityGlobals) = postSolution
		SolutionGuid = {717A57B6-AF8A-4D80-BCF9-4AC830DDECCF}
	EndGlobalSection
EndGlobal
